{
  "nodes": {
    "nixpkgs": {
      "locked": {
        "lastModified": 1678453159,
        "narHash": "sha256-mU4mJeb1fRSvCDALe57vIKfhECvYroB4J4s0L2TR/iE=",
        "owner": "NixOS",
        "repo": "nixpkgs",
        "rev": "64c27498901f104a11df646278c4e5c9f4d642db",
        "type": "github"
      },
      "original": {
        "owner": "NixOS",
        "repo": "nixpkgs",
        "rev": "64c27498901f104a11df646278c4e5c9f4d642db",
        "type": "github"
      }
    },
    "root": {
      "inputs": {
        "nixpkgs": "nixpkgs",
        "utils": "utils"
      }
    },
    "utils": {
      "locked": {
        "lastModified": 1652776076,
        "narHash": "sha256-gzTw/v1vj4dOVbpBSJX4J0DwUR6LIyXo7/SuuTJp1kM=",
        "owner": "numtide",
        "repo": "flake-utils",
        "rev": "04c1b180862888302ddfb2e3ad9eaa63afc60cf8",
        "type": "github"
      },
      "original": {
        "owner": "numtide",
        "repo": "flake-utils",
        "rev": "04c1b180862888302ddfb2e3ad9eaa63afc60cf8",
        "type": "github"
      }
    }
  },
  "root": "root",
  "version": 7
}
