{
  "nodes": {
    "nixpkgs": {
      "locked": {
        "lastModified": 1678453159,
        "narHash": "sha256-mU4mJeb1fRSvCDALe57vIKfhECvYroB4J4s0L2TR/iE=",
        "owner": "NixOS",
        "repo": "nixpkgs",
        "rev": "64c27498901f104a11df646278c4e5c9f4d642db",
        "type": "github"
      },
      "original": {
        "owner": "NixOS",
        "repo": "nixpkgs",
        "rev": "64c27498901f104a11df646278c4e5c9f4d642db",
        "type": "github"
      }
    },
    "root": {
      "inputs": {
        "nixpkgs": "nixpkgs",
        "utils": "utils"
      }
    },
    "utils": {
      "locked": {
        "lastModified": 1653893745,
        "narHash": "sha256-0jntwV3Z8//YwuOjzhV2sgJJPt+HY6KhU7VZUL0fKZQ=",
        "owner": "numtide",
        "repo": "flake-utils",
        "rev": "1ed9fb1935d260de5fe1c2f7ee0ebaae17ed2fa1",
        "type": "github"
      },
      "original": {
        "owner": "numtide",
        "repo": "flake-utils",
        "type": "github"
      }
    }
  },
  "root": "root",
  "version": 7
}
